{
  "name": "calreact",
  "requires": true,
  "lockfileVersion": 1,
  "dependencies": {
    "react-on-rails": {
      "version": "11.0.9",
      "resolved": "https://registry.npmjs.org/react-on-rails/-/react-on-rails-11.0.9.tgz",
      "integrity": "sha512-aUDeW0e85nqBAgaWFlSTQ2k0sGcJs09NHKYeZumvxp1qn6/TDkFjiBsf7+sE2mOlsSyONOeGJeL0byvqrYnP5w=="
    }
  }
}
